dependencies:
- name: kibana
  repository: https://helm.elastic.co
  version: 7.2.1-0
- name: filebeat
  repository: https://helm.elastic.co
  version: 7.2.1-0
- name: elasticsearch
  repository: https://helm.elastic.co
  version: 7.2.1-0
digest: sha256:1ebe21ddc76d7dcb36a18a9efeddef0f298ce82f87e38d5f2c4a1882af727192
generated: "2019-07-30T09:13:37.379704-04:00"
